
Microsoft Visual Studio Solution File, Format Version 12.00
# Visual Studio Version 17
VisualStudioVersion = 17.14.36221.1 d17.14
MinimumVisualStudioVersion = 10.0.40219.1
Project("{FAE04EC0-301F-11D3-BF4B-00C04F79EFBC}") = "BilliardsRankingsManager", "BilliardsRankingsManager\BilliardsRankingsManager.csproj", "{133F9085-DF23-4C57-BB0F-387F05CE61B9}"
EndProject
Global
	GlobalSection(SolutionConfigurationPlatforms) = preSolution
		Debug|Any CPU = Debug|Any CPU
		Release|Any CPU = Release|Any CPU
	EndGlobalSection
	GlobalSection(ProjectConfigurationPlatforms) = postSolution
		{133F9085-DF23-4C57-BB0F-387F05CE61B9}.Debug|Any CPU.ActiveCfg = Debug|Any CPU
		{133F9085-DF23-4C57-BB0F-387F05CE61B9}.Debug|Any CPU.Build.0 = Debug|Any CPU
		{133F9085-DF23-4C57-BB0F-387F05CE61B9}.Release|Any CPU.ActiveCfg = Release|Any CPU
		{133F9085-DF23-4C57-BB0F-387F05CE61B9}.Release|Any CPU.Build.0 = Release|Any CPU
	EndGlobalSection
	GlobalSection(SolutionProperties) = preSolution
		HideSolutionNode = FALSE
	EndGlobalSection
	GlobalSection(ExtensibilityGlobals) = postSolution
		SolutionGuid = {6B9DD9DF-2954-4D96-A4E7-100619F17DE2}
	EndGlobalSection
EndGlobal
